{
    "name": "backend-api",
    "version": "1.0.1",
    "lockfileVersion": 3,
    "requires": true,
    "packages": {
        "": {
            "name": "backend-api",
            "version": "1.0.1",
            "dependencies": {
                "@azure/data-tables": "^13.2.1",
                "@azure/functions": "^3.5.0",
                "@pwdgame/shared": "file:../shared",
                "password-game": "file:..",
                "profanity-js": "^0.1.4",
                "uuid": "^9.0.0"
            },
            "devDependencies": {
                "@types/node": "^18.15.3",
                "@types/uuid": "^9.0.1",
                "typescript": "^5.0.2"
            }
        },
        "..": {
            "version": "1.0.0",
            "license": "ISC",
            "dependencies": {
                "accepts": "^1.3.8",
                "acorn": "^8.16.0",
                "acorn-import-phases": "^1.0.4",
                "acorn-walk": "^8.3.5",
                "address": "^1.2.2",
                "ajv": "^6.12.6",
                "ajv-formats": "^2.1.1",
                "ajv-keywords": "^3.5.2",
                "ansi-escapes": "^3.2.0",
                "ansi-html-community": "^0.0.8",
                "ansi-regex": "^5.0.1",
                "ansi-styles": "^4.3.0",
                "any-promise": "^1.3.0",
                "anymatch": "^3.1.3",
                "arch": "^2.2.0",
                "array-flatten": "^1.1.1",
                "array-union": "^2.1.0",
                "async": "^3.2.6",
                "at-least-node": "^1.0.0",
                "autoprefixer": "^10.4.24",
                "babel-loader": "^8.4.1",
                "babel-plugin-dynamic-import-node": "^2.3.3",
                "babel-plugin-polyfill-corejs2": "^0.4.15",
                "babel-plugin-polyfill-corejs3": "^0.13.0",
                "babel-plugin-polyfill-regenerator": "^0.6.6",
                "balanced-match": "^1.0.2",
                "base64-js": "^1.5.1",
                "baseline-browser-mapping": "^2.10.0",
                "batch": "^0.6.1",
                "big.js": "^5.2.2",
                "binary-extensions": "^2.3.0",
                "bl": "^4.1.0",
                "bluebird": "^3.7.2",
                "body-parser": "^1.20.4",
                "bonjour-service": "^1.3.0",
                "boolbase": "^1.0.0",
                "brace-expansion": "^1.1.12",
                "braces": "^3.0.3",
                "browserslist": "^4.28.1",
                "buffer": "^5.7.1",
                "buffer-from": "^1.1.2",
                "bytes": "^3.1.2",
                "call-bind": "^1.0.8",
                "call-bind-apply-helpers": "^1.0.2",
                "call-bound": "^1.0.4",
                "callsites": "^3.1.0",
                "camel-case": "^4.1.2",
                "camelcase": "^5.3.1",
                "caniuse-api": "^3.0.0",
                "caniuse-lite": "^1.0.30001770",
                "case-sensitive-paths-webpack-plugin": "^2.4.0",
                "chalk": "^3.0.0",
                "chokidar": "^3.6.0",
                "chrome-trace-event": "^1.0.4",
                "clean-css": "^5.3.3",
                "cli-cursor": "^2.1.0",
                "cli-highlight": "^2.1.11",
                "cli-spinners": "^2.9.2",
                "clipboardy": "^2.3.0",
                "cliui": "^7.0.4",
                "clone": "^1.0.4",
                "clone-deep": "^4.0.1",
                "color-convert": "^2.0.1",
                "color-name": "^1.1.4",
                "colord": "^2.9.3",
                "colorette": "^2.0.20",
                "commander": "^7.2.0",
                "commondir": "^1.0.1",
                "compressible": "^2.0.18",
                "compression": "^1.8.1",
                "concat-map": "^0.0.1",
                "connect-history-api-fallback": "^2.0.0",
                "consolidate": "^0.15.1",
                "content-disposition": "^0.5.4",
                "content-type": "^1.0.5",
                "convert-source-map": "^2.0.0",
                "cookie": "^0.7.2",
                "cookie-signature": "^1.0.7",
                "copy-webpack-plugin": "^9.1.0",
                "core-js": "^3.48.0",
                "core-js-compat": "^3.48.0",
                "core-util-is": "^1.0.2",
                "cosmiconfig": "^6.0.0",
                "cross-spawn": "^6.0.6",
                "css-declaration-sorter": "^6.4.1",
                "css-loader": "^6.11.0",
                "css-select": "^4.3.0",
                "css-tree": "^1.1.3",
                "css-what": "^6.2.2",
                "cssesc": "^3.0.0",
                "cssnano": "^5.1.15",
                "cssnano-preset-default": "^5.2.14",
                "cssnano-utils": "^3.1.0",
                "csso": "^4.2.0",
                "csstype": "^3.2.3",
                "debounce": "^1.2.1",
                "debug": "^4.4.3",
                "deepmerge": "^4.3.1",
                "default-gateway": "^6.0.3",
                "defaults": "^1.0.4",
                "define-data-property": "^1.1.4",
                "define-lazy-prop": "^2.0.0",
                "define-properties": "^1.2.1",
                "depd": "^2.0.0",
                "destroy": "^1.2.0",
                "detect-node": "^2.1.0",
                "dir-glob": "^3.0.1",
                "dns-packet": "^5.6.1",
                "dom-converter": "^0.2.0",
                "dom-serializer": "^1.4.1",
                "domelementtype": "^2.3.0",
                "domhandler": "^4.3.1",
                "domutils": "^2.8.0",
                "dot-case": "^3.0.4",
                "dotenv": "^10.0.0",
                "dotenv-expand": "^5.1.0",
                "dunder-proto": "^1.0.1",
                "duplexer": "^0.1.2",
                "easy-stack": "^1.0.1",
                "ee-first": "^1.1.1",
                "electron-to-chromium": "^1.5.286",
                "emoji-regex": "^8.0.0",
                "emojis-list": "^3.0.0",
                "encodeurl": "^2.0.0",
                "end-of-stream": "^1.4.5",
                "enhanced-resolve": "^5.19.0",
                "entities": "^2.2.0",
                "envinfo": "^7.21.0",
                "error-ex": "^1.3.4",
                "error-stack-parser": "^2.1.4",
                "es-define-property": "^1.0.1",
                "es-errors": "^1.3.0",
                "es-module-lexer": "^2.0.0",
                "es-object-atoms": "^1.1.1",
                "escalade": "^3.2.0",
                "escape-html": "^1.0.3",
                "escape-string-regexp": "^1.0.5",
                "eslint-scope": "^5.1.1",
                "esrecurse": "^4.3.0",
                "estraverse": "^4.3.0",
                "estree-walker": "^2.0.2",
                "esutils": "^2.0.3",
                "etag": "^1.8.1",
                "event-pubsub": "^4.3.0",
                "eventemitter3": "^4.0.7",
                "events": "^3.3.0",
                "execa": "^1.0.0",
                "express": "^4.22.1",
                "fast-deep-equal": "^3.1.3",
                "fast-glob": "^3.3.3",
                "fast-json-stable-stringify": "^2.1.0",
                "fast-uri": "^3.1.0",
                "fastest-levenshtein": "^1.0.16",
                "fastq": "^1.20.1",
                "faye-websocket": "^0.11.4",
                "figures": "^2.0.0",
                "fill-range": "^7.1.1",
                "finalhandler": "^1.3.2",
                "find-cache-dir": "^3.3.2",
                "find-up": "^4.1.0",
                "flat": "^5.0.2",
                "follow-redirects": "^1.15.11",
                "fork-ts-checker-webpack-plugin": "^6.5.3",
                "forwarded": "^0.2.0",
                "fraction.js": "^5.3.4",
                "fresh": "^0.5.2",
                "fs-extra": "^9.1.0",
                "fs-monkey": "^1.1.0",
                "fs.realpath": "^1.0.0",
                "function-bind": "^1.1.2",
                "gensync": "^1.0.0-beta.2",
                "get-caller-file": "^2.0.5",
                "get-intrinsic": "^1.3.0",
                "get-proto": "^1.0.1",
                "get-stream": "^4.1.0",
                "glob": "^7.2.3",
                "glob-parent": "^5.1.2",
                "glob-to-regexp": "^0.4.1",
                "globby": "^11.1.0",
                "gopd": "^1.2.0",
                "graceful-fs": "^4.2.11",
                "gzip-size": "^6.0.0",
                "handle-thing": "^2.0.1",
                "has-flag": "^4.0.0",
                "has-property-descriptors": "^1.0.2",
                "has-symbols": "^1.1.0",
                "hash-sum": "^2.0.0",
                "hasown": "^2.0.2",
                "he": "^1.2.0",
                "highlight.js": "^10.7.3",
                "hosted-git-info": "^2.8.9",
                "hpack.js": "^2.1.6",
                "html-entities": "^2.6.0",
                "html-escaper": "^2.0.2",
                "html-minifier-terser": "^6.1.0",
                "html-tags": "^2.0.0",
                "htmlparser2": "^6.1.0",
                "http-deceiver": "^1.2.7",
                "http-errors": "^2.0.1",
                "http-parser-js": "^0.5.10",
                "http-proxy": "^1.18.1",
                "http-proxy-middleware": "^2.0.9",
                "human-signals": "^2.1.0",
                "iconv-lite": "^0.4.24",
                "icss-utils": "^5.1.0",
                "ieee754": "^1.2.1",
                "ignore": "^5.3.2",
                "import-fresh": "^3.3.1",
                "import-local": "^3.2.0",
                "inflight": "^1.0.6",
                "inherits": "^2.0.4",
                "interpret": "^3.1.1",
                "ipaddr.js": "^2.3.0",
                "is-arrayish": "^0.2.1",
                "is-binary-path": "^2.1.0",
                "is-core-module": "^2.16.1",
                "is-docker": "^2.2.1",
                "is-extglob": "^2.1.1",
                "is-file-esm": "^1.0.0",
                "is-fullwidth-code-point": "^3.0.0",
                "is-glob": "^4.0.3",
                "is-interactive": "^1.0.0",
                "is-number": "^7.0.0",
                "is-plain-obj": "^3.0.0",
                "is-plain-object": "^2.0.4",
                "is-stream": "^1.1.0",
                "is-unicode-supported": "^0.1.0",
                "is-wsl": "^2.2.0",
                "isexe": "^2.0.0",
                "isobject": "^3.0.1",
                "javascript-stringify": "^2.1.0",
                "jest-worker": "^27.5.1",
                "joi": "^17.13.3",
                "js-message": "^1.0.7",
                "js-tokens": "^4.0.0",
                "jsesc": "^3.1.0",
                "json-parse-better-errors": "^1.0.2",
                "json-parse-even-better-errors": "^2.3.1",
                "json-schema-traverse": "^0.4.1",
                "json5": "^2.2.3",
                "jsonfile": "^6.2.0",
                "kind-of": "^6.0.3",
                "klona": "^2.0.6",
                "launch-editor": "^2.13.0",
                "launch-editor-middleware": "^2.13.0",
                "lilconfig": "^2.1.0",
                "lines-and-columns": "^1.2.4",
                "loader-runner": "^4.3.1",
                "loader-utils": "^2.0.4",
                "locate-path": "^5.0.0",
                "lodash": "^4.17.23",
                "lodash.debounce": "^4.0.8",
                "lodash.defaultsdeep": "^4.6.1",
                "lodash.kebabcase": "^4.1.1",
                "lodash.mapvalues": "^4.6.0",
                "lodash.memoize": "^4.1.2",
                "lodash.uniq": "^4.5.0",
                "log-symbols": "^4.1.0",
                "log-update": "^2.3.0",
                "lower-case": "^2.0.2",
                "lru-cache": "^5.1.1",
                "magic-string": "^0.30.21",
                "make-dir": "^3.1.0",
                "math-intrinsics": "^1.1.0",
                "mdn-data": "^2.0.14",
                "media-typer": "^0.3.0",
                "memfs": "^3.5.3",
                "merge-descriptors": "^1.0.3",
                "merge-source-map": "^1.1.0",
                "merge-stream": "^2.0.0",
                "merge2": "^1.4.1",
                "methods": "^1.1.2",
                "micromatch": "^4.0.8",
                "mime": "^1.6.0",
                "mime-db": "^1.52.0",
                "mime-types": "^2.1.35",
                "mimic-fn": "^1.2.0",
                "minimalistic-assert": "^1.0.1",
                "minimatch": "^3.1.2",
                "minimist": "^1.2.8",
                "minipass": "^3.3.6",
                "module-alias": "^2.3.4",
                "mrmime": "^2.0.1",
                "ms": "^2.1.3",
                "multicast-dns": "^7.2.5",
                "mz": "^2.7.0",
                "nanoid": "^3.3.11",
                "negotiator": "^0.6.4",
                "neo-async": "^2.6.2",
                "nice-try": "^1.0.5",
                "no-case": "^3.0.4",
                "node-fetch": "^2.7.0",
                "node-forge": "^1.3.3",
                "node-releases": "^2.0.27",
                "normalize-package-data": "^2.5.0",
                "normalize-path": "^3.0.0",
                "normalize-url": "^6.1.0",
                "npm-run-path": "^2.0.2",
                "nth-check": "^2.1.1",
                "object-assign": "^4.1.1",
                "object-inspect": "^1.13.4",
                "object-keys": "^1.1.1",
                "object.assign": "^4.1.7",
                "obuf": "^1.1.2",
                "on-finished": "^2.4.1",
                "on-headers": "^1.1.0",
                "once": "^1.4.0",
                "onetime": "^2.0.1",
                "open": "^8.4.2",
                "opener": "^1.5.2",
                "ora": "^5.4.1",
                "p-finally": "^1.0.0",
                "p-limit": "^2.3.0",
                "p-locate": "^4.1.0",
                "p-retry": "^4.6.2",
                "p-try": "^2.2.0",
                "param-case": "^3.0.4",
                "parent-module": "^1.0.1",
                "parse-json": "^5.2.0",
                "parse5": "^5.1.1",
                "parse5-htmlparser2-tree-adapter": "^6.0.1",
                "parseurl": "^1.3.3",
                "pascal-case": "^3.1.2",
                "path-is-absolute": "^1.0.1",
                "path-key": "^2.0.1",
                "path-parse": "^1.0.7",
                "path-to-regexp": "^0.1.12",
                "path-type": "^4.0.0",
                "picocolors": "^1.1.1",
                "picomatch": "^2.3.1",
                "pkg-dir": "^4.2.0",
                "portfinder": "^1.0.38",
                "postcss": "^8.5.6",
                "postcss-calc": "^8.2.4",
                "postcss-colormin": "^5.3.1",
                "postcss-convert-values": "^5.1.3",
                "postcss-discard-comments": "^5.1.2",
                "postcss-discard-duplicates": "^5.1.0",
                "postcss-discard-empty": "^5.1.1",
                "postcss-discard-overridden": "^5.1.0",
                "postcss-merge-longhand": "^5.1.7",
                "postcss-merge-rules": "^5.1.4",
                "postcss-minify-font-values": "^5.1.0",
                "postcss-minify-gradients": "^5.1.1",
                "postcss-minify-params": "^5.1.4",
                "postcss-minify-selectors": "^5.2.1",
                "postcss-modules-extract-imports": "^3.1.0",
                "postcss-modules-local-by-default": "^4.2.0",
                "postcss-modules-scope": "^3.2.1",
                "postcss-modules-values": "^4.0.0",
                "postcss-normalize-charset": "^5.1.0",
                "postcss-normalize-display-values": "^5.1.0",
                "postcss-normalize-positions": "^5.1.1",
                "postcss-normalize-repeat-style": "^5.1.1",
                "postcss-normalize-string": "^5.1.0",
                "postcss-normalize-timing-functions": "^5.1.0",
                "postcss-normalize-unicode": "^5.1.1",
                "postcss-normalize-url": "^5.1.0",
                "postcss-normalize-whitespace": "^5.1.1",
                "postcss-ordered-values": "^5.1.3",
                "postcss-reduce-initial": "^5.1.2",
                "postcss-reduce-transforms": "^5.1.0",
                "postcss-selector-parser": "^6.1.2",
                "postcss-svgo": "^5.1.0",
                "postcss-unique-selectors": "^5.1.1",
                "postcss-value-parser": "^4.2.0",
                "prettier": "^2.8.8",
                "pretty-error": "^4.0.0",
                "process-nextick-args": "^2.0.1",
                "progress-webpack-plugin": "^1.0.16",
                "proxy-addr": "^2.0.7",
                "pseudomap": "^1.0.2",
                "pump": "^3.0.3",
                "punycode": "^2.3.1",
                "queue-microtask": "^1.2.3",
                "randombytes": "^2.1.0",
                "range-parser": "^1.2.1",
                "raw-body": "^2.5.3",
                "read-pkg": "^5.2.0",
                "read-pkg-up": "^7.0.1",
                "readable-stream": "^2.3.8",
                "readdirp": "^3.6.0",
                "rechoir": "^0.8.0",
                "regenerate": "^1.4.2",
                "regenerate-unicode-properties": "^10.2.2",
                "regexpu-core": "^6.4.0",
                "regjsgen": "^0.8.0",
                "regjsparser": "^0.13.0",
                "relateurl": "^0.2.7",
                "renderkid": "^3.0.0",
                "require-directory": "^2.1.1",
                "require-from-string": "^2.0.2",
                "requires-port": "^1.0.0",
                "resolve": "^1.22.11",
                "resolve-cwd": "^3.0.0",
                "resolve-from": "^4.0.0",
                "restore-cursor": "^2.0.0",
                "retry": "^0.13.1",
                "reusify": "^1.1.0",
                "rimraf": "^3.0.2",
                "run-parallel": "^1.2.0",
                "safe-buffer": "^5.2.1",
                "safer-buffer": "^2.1.2",
                "schema-utils": "^2.7.1",
                "select-hose": "^2.0.0",
                "selfsigned": "^2.4.1",
                "semver": "^6.3.1",
                "send": "^0.19.2",
                "serialize-javascript": "^6.0.2",
                "serve-index": "^1.9.2",
                "serve-static": "^1.16.3",
                "set-function-length": "^1.2.2",
                "setprototypeof": "^1.2.0",
                "shallow-clone": "^3.0.1",
                "shebang-command": "^1.2.0",
                "shebang-regex": "^1.0.0",
                "shell-quote": "^1.8.3",
                "side-channel": "^1.1.0",
                "side-channel-list": "^1.0.0",
                "side-channel-map": "^1.0.1",
                "side-channel-weakmap": "^1.0.2",
                "signal-exit": "^3.0.7",
                "sirv": "^2.0.4",
                "slash": "^3.0.0",
                "sockjs": "^0.3.24",
                "source-map": "^0.6.1",
                "source-map-js": "^1.2.1",
                "source-map-support": "^0.5.21",
                "spdx-correct": "^3.2.0",
                "spdx-exceptions": "^2.5.0",
                "spdx-expression-parse": "^3.0.1",
                "spdx-license-ids": "^3.0.22",
                "spdy": "^4.0.2",
                "spdy-transport": "^3.0.0",
                "ssri": "^8.0.1",
                "stable": "^0.1.8",
                "stackframe": "^1.3.4",
                "statuses": "^2.0.2",
                "string_decoder": "^1.3.0",
                "string-width": "^4.2.3",
                "strip-ansi": "^6.0.1",
                "strip-eof": "^1.0.0",
                "strip-final-newline": "^2.0.0",
                "stylehacks": "^5.1.1",
                "supports-color": "^7.2.0",
                "supports-preserve-symlinks-flag": "^1.0.0",
                "svg-tags": "^1.0.0",
                "svgo": "^2.8.0",
                "tapable": "^1.1.3",
                "terser": "^5.46.0",
                "terser-webpack-plugin": "^5.3.16",
                "thenify": "^3.3.1",
                "thenify-all": "^1.6.0",
                "thread-loader": "^3.0.4",
                "thunky": "^1.1.0",
                "to-regex-range": "^5.0.1",
                "toidentifier": "^1.0.1",
                "totalist": "^3.0.1",
                "tr46": "^0.0.3",
                "tslib": "^2.8.1",
                "type-fest": "^0.8.1",
                "type-is": "^1.6.18",
                "typescript": "^5.9.3",
                "undici-types": "^7.18.2",
                "unicode-canonical-property-names-ecmascript": "^2.0.1",
                "unicode-match-property-ecmascript": "^2.0.0",
                "unicode-match-property-value-ecmascript": "^2.2.1",
                "unicode-property-aliases-ecmascript": "^2.2.0",
                "universalify": "^2.0.1",
                "unpipe": "^1.0.0",
                "update-browserslist-db": "^1.2.3",
                "uri-js": "^4.4.1",
                "util-deprecate": "^1.0.2",
                "utila": "^0.4.0",
                "utils-merge": "^1.0.1",
                "validate-npm-package-license": "^3.0.4",
                "vary": "^1.1.2",
                "vue": "^3.5.28",
                "vue-hot-reload-api": "^2.3.4",
                "vue-loader": "^17.4.2",
                "vue-style-loader": "^4.1.3",
                "vue-template-es2015-compiler": "^1.9.1",
                "watchpack": "^2.5.1",
                "wbuf": "^1.7.3",
                "wcwidth": "^1.0.1",
                "webidl-conversions": "^3.0.1",
                "webpack-bundle-analyzer": "^4.10.2",
                "webpack-chain": "^6.5.1",
                "webpack-dev-middleware": "^5.3.4",
                "webpack-dev-server": "^4.15.2",
                "webpack-merge": "^5.10.0",
                "webpack-sources": "^3.3.4",
                "webpack-virtual-modules": "^0.4.6",
                "websocket-driver": "^0.7.4",
                "websocket-extensions": "^0.1.4",
                "whatwg-fetch": "^3.6.20",
                "whatwg-url": "^5.0.0",
                "which": "^1.3.1",
                "wildcard": "^2.0.1",
                "wrap-ansi": "^7.0.0",
                "wrappy": "^1.0.2",
                "ws": "^7.5.10",
                "yallist": "^3.1.1",
                "yaml": "^1.10.2",
                "yargs": "^16.2.0",
                "yargs-parser": "^20.2.9"
            },
            "devDependencies": {
                "@vue/cli-plugin-babel": "^5.0.9",
                "@vue/cli-plugin-typescript": "^5.0.9",
                "install": "^0.13.0",
                "webpack": "^5.105.2",
                "webpack-cli": "^6.0.1"
            }
        },
        "../shared": {
            "name": "@pwdgame/shared",
            "version": "1.0.1",
            "license": "MIT",
            "dependencies": {
                "@azure/data-tables": "^13.2.1",
                "@microsoft/signalr": "^7.0.4",
                "crypto-js": "^4.1.1",
                "password-game": "file:..",
                "typescript": "^5.0.2",
                "uuid": "^9.0.0"
            },
            "devDependencies": {
                "@types/crypto-js": "^4.1.1",
                "@types/uuid": "^9.0.1"
            }
        },
        "node_modules/@azure/abort-controller": {
            "version": "1.1.0",
            "resolved": "https://registry.npmjs.org/@azure/abort-controller/-/abort-controller-1.1.0.tgz",
            "integrity": "sha512-TrRLIoSQVzfAJX9H1JeFjzAoDGcoK1IYX1UImfceTZpsyYfWr09Ss1aHW1y5TrrR3iq6RZLBwJ3E24uwPhwahw==",
            "dependencies": {
                "tslib": "^2.2.0"
            },
            "engines": {
                "node": ">=12.0.0"
            }
        },
        "node_modules/@azure/core-auth": {
            "version": "1.4.0",
            "resolved": "https://registry.npmjs.org/@azure/core-auth/-/core-auth-1.4.0.tgz",
            "integrity": "sha512-HFrcTgmuSuukRf/EdPmqBrc5l6Q5Uu+2TbuhaKbgaCpP2TfAeiNaQPAadxO+CYBRHGUzIDteMAjFspFLDLnKVQ==",
            "dependencies": {
                "@azure/abort-controller": "^1.0.0",
                "tslib": "^2.2.0"
            },
            "engines": {
                "node": ">=12.0.0"
            }
        },
        "node_modules/@azure/core-client": {
            "version": "1.7.2",
            "resolved": "https://registry.npmjs.org/@azure/core-client/-/core-client-1.7.2.tgz",
            "integrity": "sha512-ye5554gnVnXdfZ64hptUtETgacXoRWxYv1JF5MctoAzTSH5dXhDPZd9gOjDPyWMcLIk58pnP5+p5vGX6PYn1ag==",
            "dependencies": {
                "@azure/abort-controller": "^1.0.0",
                "@azure/core-auth": "^1.4.0",
                "@azure/core-rest-pipeline": "^1.9.1",
                "@azure/core-tracing": "^1.0.0",
                "@azure/core-util": "^1.0.0",
                "@azure/logger": "^1.0.0",
                "tslib": "^2.2.0"
            },
            "engines": {
                "node": ">=14.0.0"
            }
        },
        "node_modules/@azure/core-paging": {
            "version": "1.5.0",
            "resolved": "https://registry.npmjs.org/@azure/core-paging/-/core-paging-1.5.0.tgz",
            "integrity": "sha512-zqWdVIt+2Z+3wqxEOGzR5hXFZ8MGKK52x4vFLw8n58pR6ZfKRx3EXYTxTaYxYHc/PexPUTyimcTWFJbji9Z6Iw==",
            "dependencies": {
                "tslib": "^2.2.0"
            },
            "engines": {
                "node": ">=14.0.0"
            }
        },
        "node_modules/@azure/core-rest-pipeline": {
            "version": "1.10.2",
            "resolved": "https://registry.npmjs.org/@azure/core-rest-pipeline/-/core-rest-pipeline-1.10.2.tgz",
            "integrity": "sha512-e3WzAsRKLor5EgK2bQqR1OY5D7VBqzORHtlqtygZZQGCYOIBsynqrZBa8MFD1Ue9r8TPtofOLditalnlQHS45Q==",
            "dependencies": {
                "@azure/abort-controller": "^1.0.0",
                "@azure/core-auth": "^1.4.0",
                "@azure/core-tracing": "^1.0.1",
                "@azure/core-util": "^1.0.0",
                "@azure/logger": "^1.0.0",
                "form-data": "^4.0.0",
                "http-proxy-agent": "^5.0.0",
                "https-proxy-agent": "^5.0.0",
                "tslib": "^2.2.0",
                "uuid": "^8.3.0"
            },
            "engines": {
                "node": ">=14.0.0"
            }
        },
        "node_modules/@azure/core-rest-pipeline/node_modules/uuid": {
            "version": "8.3.2",
            "resolved": "https://registry.npmjs.org/uuid/-/uuid-8.3.2.tgz",
            "integrity": "sha512-+NYs2QeMWy+GWFOEm9xnn6HCDp0l7QBD7ml8zLUmJ+93Q5NF0NocErnwkTkXVFNiX3/fpC6afS8Dhb/gz7R7eg==",
            "bin": {
                "uuid": "dist/bin/uuid"
            }
        },
        "node_modules/@azure/core-tracing": {
            "version": "1.0.1",
            "resolved": "https://registry.npmjs.org/@azure/core-tracing/-/core-tracing-1.0.1.tgz",
            "integrity": "sha512-I5CGMoLtX+pI17ZdiFJZgxMJApsK6jjfm85hpgp3oazCdq5Wxgh4wMr7ge/TTWW1B5WBuvIOI1fMU/FrOAMKrw==",
            "dependencies": {
                "tslib": "^2.2.0"
            },
            "engines": {
                "node": ">=12.0.0"
            }
        },
        "node_modules/@azure/core-util": {
            "version": "1.2.0",
            "resolved": "https://registry.npmjs.org/@azure/core-util/-/core-util-1.2.0.tgz",
            "integrity": "sha512-ffGIw+Qs8bNKNLxz5UPkz4/VBM/EZY07mPve1ZYFqYUdPwFqRj0RPk0U7LZMOfT7GCck9YjuT1Rfp1PApNl1ng==",
            "dependencies": {
                "@azure/abort-controller": "^1.0.0",
                "tslib": "^2.2.0"
            },
            "engines": {
                "node": ">=14.0.0"
            }
        },
        "node_modules/@azure/core-xml": {
            "version": "1.3.3",
            "resolved": "https://registry.npmjs.org/@azure/core-xml/-/core-xml-1.3.3.tgz",
            "integrity": "sha512-Go/xGz7nGqVINsD9O7gOfe8uiR1S+IFcw9WTUPJHSzoFT6F5ZWjXIIlSikLZm77TtmxzXGnQYjjiZIoIZ4x14A==",
            "dependencies": {
                "fast-xml-parser": "^4.0.8",
                "tslib": "^2.2.0"
            },
            "engines": {
                "node": ">=14.0.0"
            }
        },
        "node_modules/@azure/data-tables": {
            "version": "13.2.1",
            "resolved": "https://registry.npmjs.org/@azure/data-tables/-/data-tables-13.2.1.tgz",
            "integrity": "sha512-5pboUpSpxjTgZ499MxkLLR0i+lyUUwN6M5pTLZ2D4mUfKVz+vqiCijvxij0V0OfknMxVpQ+NrZcUdarw6a1Few==",
            "dependencies": {
                "@azure/core-auth": "^1.3.0",
                "@azure/core-client": "^1.0.0",
                "@azure/core-paging": "^1.1.1",
                "@azure/core-rest-pipeline": "^1.1.0",
                "@azure/core-tracing": "^1.0.0",
                "@azure/core-xml": "^1.0.0",
                "@azure/logger": "^1.0.0",
                "tslib": "^2.2.0",
                "uuid": "^8.3.0"
            },
            "engines": {
                "node": ">=14.0.0"
            }
        },
        "node_modules/@azure/data-tables/node_modules/uuid": {
            "version": "8.3.2",
            "resolved": "https://registry.npmjs.org/uuid/-/uuid-8.3.2.tgz",
            "integrity": "sha512-+NYs2QeMWy+GWFOEm9xnn6HCDp0l7QBD7ml8zLUmJ+93Q5NF0NocErnwkTkXVFNiX3/fpC6afS8Dhb/gz7R7eg==",
            "bin": {
                "uuid": "dist/bin/uuid"
            }
        },
        "node_modules/@azure/functions": {
            "version": "3.5.0",
            "resolved": "https://registry.npmjs.org/@azure/functions/-/functions-3.5.0.tgz",
            "integrity": "sha512-RBYGdZIPYT17UPGBcXI9DPlpaEOO5D8r7pDpJsm/2N5eVrpqIRO8VZuoIiZiEQWV0LO3BZNzlvdS87pzBUBJzQ==",
            "dependencies": {
                "iconv-lite": "^0.6.3",
                "long": "^4.0.0",
                "uuid": "^8.3.0"
            }
        },
        "node_modules/@azure/functions/node_modules/uuid": {
            "version": "8.3.2",
            "resolved": "https://registry.npmjs.org/uuid/-/uuid-8.3.2.tgz",
            "integrity": "sha512-+NYs2QeMWy+GWFOEm9xnn6HCDp0l7QBD7ml8zLUmJ+93Q5NF0NocErnwkTkXVFNiX3/fpC6afS8Dhb/gz7R7eg==",
            "bin": {
                "uuid": "dist/bin/uuid"
            }
        },
        "node_modules/@azure/logger": {
            "version": "1.0.4",
            "resolved": "https://registry.npmjs.org/@azure/logger/-/logger-1.0.4.tgz",
            "integrity": "sha512-ustrPY8MryhloQj7OWGe+HrYx+aoiOxzbXTtgblbV3xwCqpzUK36phH3XNHQKj3EPonyFUuDTfR3qFhTEAuZEg==",
            "dependencies": {
                "tslib": "^2.2.0"
            },
            "engines": {
                "node": ">=14.0.0"
            }
        },
        "node_modules/@pwdgame/shared": {
            "resolved": "../shared",
            "link": true
        },
        "node_modules/@tootallnate/once": {
            "version": "2.0.0",
            "resolved": "https://registry.npmjs.org/@tootallnate/once/-/once-2.0.0.tgz",
            "integrity": "sha512-XCuKFP5PS55gnMVu3dty8KPatLqUoy/ZYzDzAGCQ8JNFCkLXzmI7vNHCR+XpbZaMWQK/vQubr7PkYq8g470J/A==",
            "engines": {
                "node": ">= 10"
            }
        },
        "node_modules/@types/node": {
            "version": "18.15.3",
            "resolved": "https://registry.npmjs.org/@types/node/-/node-18.15.3.tgz",
            "integrity": "sha512-p6ua9zBxz5otCmbpb5D3U4B5Nanw6Pk3PPyX05xnxbB/fRv71N7CPmORg7uAD5P70T0xmx1pzAx/FUfa5X+3cw==",
            "dev": true
        },
        "node_modules/@types/uuid": {
            "version": "9.0.1",
            "resolved": "https://registry.npmjs.org/@types/uuid/-/uuid-9.0.1.tgz",
            "integrity": "sha512-rFT3ak0/2trgvp4yYZo5iKFEPsET7vKydKF+VRCxlQ9bpheehyAJH89dAkaLEq/j/RZXJIqcgsmPJKUP1Z28HA==",
            "dev": true
        },
        "node_modules/agent-base": {
            "version": "6.0.2",
            "resolved": "https://registry.npmjs.org/agent-base/-/agent-base-6.0.2.tgz",
            "integrity": "sha512-RZNwNclF7+MS/8bDg70amg32dyeZGZxiDuQmZxKLAlQjr3jGyLx+4Kkk58UO7D2QdgFIQCovuSuZESne6RG6XQ==",
            "dependencies": {
                "debug": "4"
            },
            "engines": {
                "node": ">= 6.0.0"
            }
        },
        "node_modules/asynckit": {
            "version": "0.4.0",
            "resolved": "https://registry.npmjs.org/asynckit/-/asynckit-0.4.0.tgz",
            "integrity": "sha512-Oei9OH4tRh0YqU3GxhX79dM/mwVgvbZJaSNaRk+bshkj0S5cfHcgYakreBjrHwatXKbz+IoIdYLxrKim2MjW0Q=="
        },
        "node_modules/combined-stream": {
            "version": "1.0.8",
            "resolved": "https://registry.npmjs.org/combined-stream/-/combined-stream-1.0.8.tgz",
            "integrity": "sha512-FQN4MRfuJeHf7cBbBMJFXhKSDq+2kAArBlmRBvcvFE5BB1HZKXtSFASDhdlz9zOYwxh8lDdnvmMOe/+5cdoEdg==",
            "dependencies": {
                "delayed-stream": "~1.0.0"
            },
            "engines": {
                "node": ">= 0.8"
            }
        },
        "node_modules/debug": {
            "version": "4.3.4",
            "resolved": "https://registry.npmjs.org/debug/-/debug-4.3.4.tgz",
            "integrity": "sha512-PRWFHuSU3eDtQJPvnNY7Jcket1j0t5OuOsFzPPzsekD52Zl8qUfFIPEiswXqIvHWGVHOgX+7G/vCNNhehwxfkQ==",
            "dependencies": {
                "ms": "2.1.2"
            },
            "engines": {
                "node": ">=6.0"
            },
            "peerDependenciesMeta": {
                "supports-color": {
                    "optional": true
                }
            }
        },
        "node_modules/delayed-stream": {
            "version": "1.0.0",
            "resolved": "https://registry.npmjs.org/delayed-stream/-/delayed-stream-1.0.0.tgz",
            "integrity": "sha512-ZySD7Nf91aLB0RxL4KGrKHBXl7Eds1DAmEdcoVawXnLD7SDhpNgtuII2aAkg7a7QS41jxPSZ17p4VdGnMHk3MQ==",
            "engines": {
                "node": ">=0.4.0"
            }
        },
        "node_modules/fast-xml-parser": {
            "version": "4.1.3",
            "resolved": "https://registry.npmjs.org/fast-xml-parser/-/fast-xml-parser-4.1.3.tgz",
            "integrity": "sha512-LsNDahCiCcJPe8NO7HijcnukHB24tKbfDDA5IILx9dmW3Frb52lhbeX6MPNUSvyGNfav2VTYpJ/OqkRoVLrh2Q==",
            "dependencies": {
                "strnum": "^1.0.5"
            },
            "bin": {
                "fxparser": "src/cli/cli.js"
            },
            "funding": {
                "type": "paypal",
                "url": "https://paypal.me/naturalintelligence"
            }
        },
        "node_modules/form-data": {
            "version": "4.0.0",
            "resolved": "https://registry.npmjs.org/form-data/-/form-data-4.0.0.tgz",
            "integrity": "sha512-ETEklSGi5t0QMZuiXoA/Q6vcnxcLQP5vdugSpuAyi6SVGi2clPPp+xgEhuMaHC+zGgn31Kd235W35f7Hykkaww==",
            "dependencies": {
                "asynckit": "^0.4.0",
                "combined-stream": "^1.0.8",
                "mime-types": "^2.1.12"
            },
            "engines": {
                "node": ">= 6"
            }
        },
        "node_modules/http-proxy-agent": {
            "version": "5.0.0",
            "resolved": "https://registry.npmjs.org/http-proxy-agent/-/http-proxy-agent-5.0.0.tgz",
            "integrity": "sha512-n2hY8YdoRE1i7r6M0w9DIw5GgZN0G25P8zLCRQ8rjXtTU3vsNFBI/vWK/UIeE6g5MUUz6avwAPXmL6Fy9D/90w==",
            "dependencies": {
                "@tootallnate/once": "2",
                "agent-base": "6",
                "debug": "4"
            },
            "engines": {
                "node": ">= 6"
            }
        },
        "node_modules/https-proxy-agent": {
            "version": "5.0.1",
            "resolved": "https://registry.npmjs.org/https-proxy-agent/-/https-proxy-agent-5.0.1.tgz",
            "integrity": "sha512-dFcAjpTQFgoLMzC2VwU+C/CbS7uRL0lWmxDITmqm7C+7F0Odmj6s9l6alZc6AELXhrnggM2CeWSXHGOdX2YtwA==",
            "dependencies": {
                "agent-base": "6",
                "debug": "4"
            },
            "engines": {
                "node": ">= 6"
            }
        },
        "node_modules/iconv-lite": {
            "version": "0.6.3",
            "resolved": "https://registry.npmjs.org/iconv-lite/-/iconv-lite-0.6.3.tgz",
            "integrity": "sha512-4fCk79wshMdzMp2rH06qWrJE4iolqLhCUH+OiuIgU++RB0+94NlDL81atO7GX55uUKueo0txHNtvEyI6D7WdMw==",
            "dependencies": {
                "safer-buffer": ">= 2.1.2 < 3.0.0"
            },
            "engines": {
                "node": ">=0.10.0"
            }
        },
        "node_modules/long": {
            "version": "4.0.0",
            "resolved": "https://registry.npmjs.org/long/-/long-4.0.0.tgz",
            "integrity": "sha512-XsP+KhQif4bjX1kbuSiySJFNAehNxgLb6hPRGJ9QsUr8ajHkuXGdrHmFUTUUXhDwVX2R5bY4JNZEwbUiMhV+MA=="
        },
        "node_modules/mime-db": {
            "version": "1.52.0",
            "resolved": "https://registry.npmjs.org/mime-db/-/mime-db-1.52.0.tgz",
            "integrity": "sha512-sPU4uV7dYlvtWJxwwxHD0PuihVNiE7TyAbQ5SWxDCB9mUYvOgroQOwYQQOKPJ8CIbE+1ETVlOoK1UC2nU3gYvg==",
            "engines": {
                "node": ">= 0.6"
            }
        },
        "node_modules/mime-types": {
            "version": "2.1.35",
            "resolved": "https://registry.npmjs.org/mime-types/-/mime-types-2.1.35.tgz",
            "integrity": "sha512-ZDY+bPm5zTTF+YpCrAU9nK0UgICYPT0QtT1NZWFv4s++TNkcgVaT0g6+4R2uI4MjQjzysHB1zxuWL50hzaeXiw==",
            "dependencies": {
                "mime-db": "1.52.0"
            },
            "engines": {
                "node": ">= 0.6"
            }
        },
        "node_modules/ms": {
            "version": "2.1.2",
            "resolved": "https://registry.npmjs.org/ms/-/ms-2.1.2.tgz",
            "integrity": "sha512-sGkPx+VjMtmA6MX27oA4FBFELFCZZ4S4XqeGOXCv68tT+jb3vk/RyaKWP0PTKyWtmLSM0b+adUTEvbs1PEaH2w=="
        },
        "node_modules/password-game": {
            "resolved": "..",
            "link": true
        },
        "node_modules/profanity-js": {
            "version": "0.1.4",
            "resolved": "https://registry.npmjs.org/profanity-js/-/profanity-js-0.1.4.tgz",
            "integrity": "sha512-PskR5pLEgEPXWDchIRAvQpaZjcsBSiCOa/CUSx7rdxFQ3W6jZaHgL5MOVlC1WcdxhFPm19vkHzhI7QqH9SR7qQ=="
        },
        "node_modules/safer-buffer": {
            "version": "2.1.2",
            "resolved": "https://registry.npmjs.org/safer-buffer/-/safer-buffer-2.1.2.tgz",
            "integrity": "sha512-YZo3K82SD7Riyi0E1EQPojLz7kpepnSQI9IyPbHHg1XXXevb5dJI7tpyN2ADxGcQbHG7vcyRHk0cbwqcQriUtg=="
        },
        "node_modules/strnum": {
            "version": "1.0.5",
            "resolved": "https://registry.npmjs.org/strnum/-/strnum-1.0.5.tgz",
            "integrity": "sha512-J8bbNyKKXl5qYcR36TIO8W3mVGVHrmmxsd5PAItGkmyzwJvybiw2IVq5nqd0i4LSNSkB/sx9VHllbfFdr9k1JA=="
        },
        "node_modules/tslib": {
            "version": "2.5.0",
            "resolved": "https://registry.npmjs.org/tslib/-/tslib-2.5.0.tgz",
            "integrity": "sha512-336iVw3rtn2BUK7ORdIAHTyxHGRIHVReokCR3XjbckJMK7ms8FysBfhLR8IXnAgy7T0PTPNBWKiH514FOW/WSg=="
        },
        "node_modules/typescript": {
            "version": "5.0.2",
            "resolved": "https://registry.npmjs.org/typescript/-/typescript-5.0.2.tgz",
            "integrity": "sha512-wVORMBGO/FAs/++blGNeAVdbNKtIh1rbBL2EyQ1+J9lClJ93KiiKe8PmFIVdXhHcyv44SL9oglmfeSsndo0jRw==",
            "dev": true,
            "bin": {
                "tsc": "bin/tsc",
                "tsserver": "bin/tsserver"
            },
            "engines": {
                "node": ">=12.20"
            }
        },
        "node_modules/uuid": {
            "version": "9.0.0",
            "resolved": "https://registry.npmjs.org/uuid/-/uuid-9.0.0.tgz",
            "integrity": "sha512-MXcSTerfPa4uqyzStbRoTgt5XIe3x5+42+q1sDuy3R5MDk66URdLMOZe5aPX/SQd+kuYAh0FdP/pO28IkQyTeg==",
            "bin": {
                "uuid": "dist/bin/uuid"
            }
        }
    }
}
